// !$*UTF8*$!
{
	archiveVersion = 1;
	classes = {
	};
	objectVersion = 51;
	objects = {

/* Begin PBXBuildFile section */
		44DBB28325A42753207331BE /* Pods_iOS_Course_App.framework in Frameworks */ = {isa = PBXBuildFile; fileRef = B2D64C864F45310F71EE36C9 /* Pods_iOS_Course_App.framework */; };
		6C08D06623F95C3E00E5F473 /* AppDelegate.swift in Sources */ = {isa = PBXBuildFile; fileRef = 6C08D06523F95C3E00E5F473 /* AppDelegate.swift */; };
		6C08D06823F95C3E00E5F473 /* SceneDelegate.swift in Sources */ = {isa = PBXBuildFile; fileRef = 6C08D06723F95C3E00E5F473 /* SceneDelegate.swift */; };
		6C08D06D23F95C3E00E5F473 /* Main.storyboard in Resources */ = {isa = PBXBuildFile; fileRef = 6C08D06B23F95C3E00E5F473 /* Main.storyboard */; };
		6C08D06F23F95C4200E5F473 /* Assets.xcassets in Resources */ = {isa = PBXBuildFile; fileRef = 6C08D06E23F95C4200E5F473 /* Assets.xcassets */; };
		6C08D07223F95C4200E5F473 /* LaunchScreen.storyboard in Resources */ = {isa = PBXBuildFile; fileRef = 6C08D07023F95C4200E5F473 /* LaunchScreen.storyboard */; };
		6C08D07A23F95E1500E5F473 /* SignUpViewController.swift in Sources */ = {isa = PBXBuildFile; fileRef = 6C08D07923F95E1500E5F473 /* SignUpViewController.swift */; };
		6C08D07C23F95E5700E5F473 /* LoginViewController.swift in Sources */ = {isa = PBXBuildFile; fileRef = 6C08D07B23F95E5700E5F473 /* LoginViewController.swift */; };
		6C08D07F23F96DC400E5F473 /* Utilities.swift in Sources */ = {isa = PBXBuildFile; fileRef = 6C08D07E23F96DC300E5F473 /* Utilities.swift */; };
		6C08D08123F9753700E5F473 /* GoogleService-Info.plist in Resources */ = {isa = PBXBuildFile; fileRef = 6C08D08023F9753700E5F473 /* GoogleService-Info.plist */; };
		6C0BA67C23FEBB7E008558CD /* CourseProjectsTableViewController.swift in Sources */ = {isa = PBXBuildFile; fileRef = 6C0BA67B23FEBB7D008558CD /* CourseProjectsTableViewController.swift */; };
		E5172FBA2406954D0061FBD9 /* CourseProjectTableViewCell.swift in Sources */ = {isa = PBXBuildFile; fileRef = E5172FB92406954D0061FBD9 /* CourseProjectTableViewCell.swift */; };
		E52CA16B2403C3A700F2FD18 /* WelcomeViewController.swift in Sources */ = {isa = PBXBuildFile; fileRef = E52CA16A2403C3A700F2FD18 /* WelcomeViewController.swift */; };
		E52CA1722403F5CF00F2FD18 /* Course.swift in Sources */ = {isa = PBXBuildFile; fileRef = E52CA1712403F5CF00F2FD18 /* Course.swift */; };
		E52CA1742403F5EE00F2FD18 /* Project.swift in Sources */ = {isa = PBXBuildFile; fileRef = E52CA1732403F5EE00F2FD18 /* Project.swift */; };
		E52CA1782403F61C00F2FD18 /* User.swift in Sources */ = {isa = PBXBuildFile; fileRef = E52CA1772403F61C00F2FD18 /* User.swift */; };
		E54238CF23FEAE0B00725551 /* PresentCoursesTableViewController.swift in Sources */ = {isa = PBXBuildFile; fileRef = E54238CE23FEAE0B00725551 /* PresentCoursesTableViewController.swift */; };
		E54238D123FEB76300725551 /* PastTableViewController.swift in Sources */ = {isa = PBXBuildFile; fileRef = E54238D023FEB76300725551 /* PastTableViewController.swift */; };
		E54238D323FEB7E500725551 /* FutureTableViewController.swift in Sources */ = {isa = PBXBuildFile; fileRef = E54238D223FEB7E500725551 /* FutureTableViewController.swift */; };
		E56EB2B223FD892200ADDA6D /* ProjectViewController.swift in Sources */ = {isa = PBXBuildFile; fileRef = E56EB2B123FD892200ADDA6D /* ProjectViewController.swift */; };
		E56EB2B623FD8FC900ADDA6D /* Model.swift in Sources */ = {isa = PBXBuildFile; fileRef = E56EB2B523FD8FC900ADDA6D /* Model.swift */; };
		E5A066402407B9D600CDC92A /* ProfileViewController.swift in Sources */ = {isa = PBXBuildFile; fileRef = E5A0663F2407B9D600CDC92A /* ProfileViewController.swift */; };
		E5A066422407C0A800CDC92A /* icons8-swift-128.png in Resources */ = {isa = PBXBuildFile; fileRef = E5A066412407C0A800CDC92A /* icons8-swift-128.png */; };
		E5C83F8E23FE86AF008D068A /* TabBarCoursesViewController.swift in Sources */ = {isa = PBXBuildFile; fileRef = E5C83F8D23FE86AF008D068A /* TabBarCoursesViewController.swift */; };
		E5D7622124052D24000A82CC /* jsonData.swift in Sources */ = {isa = PBXBuildFile; fileRef = E5D7622024052D24000A82CC /* jsonData.swift */; };
/* End PBXBuildFile section */

/* Begin PBXFileReference section */
		136F170F2947EC7D4057D49C /* Pods-iOS-Course-App.debug.xcconfig */ = {isa = PBXFileReference; includeInIndex = 1; lastKnownFileType = text.xcconfig; name = "Pods-iOS-Course-App.debug.xcconfig"; path = "Target Support Files/Pods-iOS-Course-App/Pods-iOS-Course-App.debug.xcconfig"; sourceTree = "<group>"; };
		183ED419016018F04CE2DC77 /* Pods-iOS-Course-App.release.xcconfig */ = {isa = PBXFileReference; includeInIndex = 1; lastKnownFileType = text.xcconfig; name = "Pods-iOS-Course-App.release.xcconfig"; path = "Target Support Files/Pods-iOS-Course-App/Pods-iOS-Course-App.release.xcconfig"; sourceTree = "<group>"; };
		6C08D06223F95C3E00E5F473 /* iOS-Course-App.app */ = {isa = PBXFileReference; explicitFileType = wrapper.application; includeInIndex = 0; path = "iOS-Course-App.app"; sourceTree = BUILT_PRODUCTS_DIR; };
		6C08D06523F95C3E00E5F473 /* AppDelegate.swift */ = {isa = PBXFileReference; lastKnownFileType = sourcecode.swift; path = AppDelegate.swift; sourceTree = "<group>"; };
		6C08D06723F95C3E00E5F473 /* SceneDelegate.swift */ = {isa = PBXFileReference; lastKnownFileType = sourcecode.swift; path = SceneDelegate.swift; sourceTree = "<group>"; };
		6C08D06C23F95C3E00E5F473 /* Base */ = {isa = PBXFileReference; lastKnownFileType = file.storyboard; name = Base; path = Base.lproj/Main.storyboard; sourceTree = "<group>"; };
		6C08D06E23F95C4200E5F473 /* Assets.xcassets */ = {isa = PBXFileReference; lastKnownFileType = folder.assetcatalog; path = Assets.xcassets; sourceTree = "<group>"; };
		6C08D07123F95C4200E5F473 /* Base */ = {isa = PBXFileReference; lastKnownFileType = file.storyboard; name = Base; path = Base.lproj/LaunchScreen.storyboard; sourceTree = "<group>"; };
		6C08D07323F95C4200E5F473 /* Info.plist */ = {isa = PBXFileReference; lastKnownFileType = text.plist.xml; path = Info.plist; sourceTree = "<group>"; };
		6C08D07923F95E1500E5F473 /* SignUpViewController.swift */ = {isa = PBXFileReference; lastKnownFileType = sourcecode.swift; path = SignUpViewController.swift; sourceTree = "<group>"; };
		6C08D07B23F95E5700E5F473 /* LoginViewController.swift */ = {isa = PBXFileReference; lastKnownFileType = sourcecode.swift; path = LoginViewController.swift; sourceTree = "<group>"; };
		6C08D07E23F96DC300E5F473 /* Utilities.swift */ = {isa = PBXFileReference; fileEncoding = 4; lastKnownFileType = sourcecode.swift; path = Utilities.swift; sourceTree = "<group>"; };
		6C08D08023F9753700E5F473 /* GoogleService-Info.plist */ = {isa = PBXFileReference; fileEncoding = 4; lastKnownFileType = text.plist.xml; path = "GoogleService-Info.plist"; sourceTree = "<group>"; };
		6C0BA67B23FEBB7D008558CD /* CourseProjectsTableViewController.swift */ = {isa = PBXFileReference; lastKnownFileType = sourcecode.swift; path = CourseProjectsTableViewController.swift; sourceTree = "<group>"; };
		B2D64C864F45310F71EE36C9 /* Pods_iOS_Course_App.framework */ = {isa = PBXFileReference; explicitFileType = wrapper.framework; includeInIndex = 0; path = Pods_iOS_Course_App.framework; sourceTree = BUILT_PRODUCTS_DIR; };
		E5172FB92406954D0061FBD9 /* CourseProjectTableViewCell.swift */ = {isa = PBXFileReference; lastKnownFileType = sourcecode.swift; name = CourseProjectTableViewCell.swift; path = "../New Group/CourseProjectTableViewCell.swift"; sourceTree = "<group>"; };
		E52CA16A2403C3A700F2FD18 /* WelcomeViewController.swift */ = {isa = PBXFileReference; lastKnownFileType = sourcecode.swift; path = WelcomeViewController.swift; sourceTree = "<group>"; };
		E52CA1712403F5CF00F2FD18 /* Course.swift */ = {isa = PBXFileReference; lastKnownFileType = sourcecode.swift; path = Course.swift; sourceTree = "<group>"; };
		E52CA1732403F5EE00F2FD18 /* Project.swift */ = {isa = PBXFileReference; lastKnownFileType = sourcecode.swift; path = Project.swift; sourceTree = "<group>"; };
		E52CA1772403F61C00F2FD18 /* User.swift */ = {isa = PBXFileReference; lastKnownFileType = sourcecode.swift; path = User.swift; sourceTree = "<group>"; };
		E54238CE23FEAE0B00725551 /* PresentCoursesTableViewController.swift */ = {isa = PBXFileReference; lastKnownFileType = sourcecode.swift; path = PresentCoursesTableViewController.swift; sourceTree = "<group>"; };
		E54238D023FEB76300725551 /* PastTableViewController.swift */ = {isa = PBXFileReference; lastKnownFileType = sourcecode.swift; path = PastTableViewController.swift; sourceTree = "<group>"; };
		E54238D223FEB7E500725551 /* FutureTableViewController.swift */ = {isa = PBXFileReference; lastKnownFileType = sourcecode.swift; path = FutureTableViewController.swift; sourceTree = "<group>"; };
		E56EB2B123FD892200ADDA6D /* ProjectViewController.swift */ = {isa = PBXFileReference; lastKnownFileType = sourcecode.swift; path = ProjectViewController.swift; sourceTree = "<group>"; };
		E56EB2B523FD8FC900ADDA6D /* Model.swift */ = {isa = PBXFileReference; fileEncoding = 4; lastKnownFileType = sourcecode.swift; path = Model.swift; sourceTree = "<group>"; };
		E5A0663F2407B9D600CDC92A /* ProfileViewController.swift */ = {isa = PBXFileReference; lastKnownFileType = sourcecode.swift; path = ProfileViewController.swift; sourceTree = "<group>"; };
		E5A066412407C0A800CDC92A /* icons8-swift-128.png */ = {isa = PBXFileReference; lastKnownFileType = image.png; path = "icons8-swift-128.png"; sourceTree = "<group>"; };
		E5C83F8D23FE86AF008D068A /* TabBarCoursesViewController.swift */ = {isa = PBXFileReference; fileEncoding = 4; lastKnownFileType = sourcecode.swift; path = TabBarCoursesViewController.swift; sourceTree = "<group>"; };
		E5D7622024052D24000A82CC /* jsonData.swift */ = {isa = PBXFileReference; lastKnownFileType = sourcecode.swift; path = jsonData.swift; sourceTree = "<group>"; };
/* End PBXFileReference section */

/* Begin PBXFrameworksBuildPhase section */
		6C08D05F23F95C3E00E5F473 /* Frameworks */ = {
			isa = PBXFrameworksBuildPhase;
			buildActionMask = 2147483647;
			files = (
				44DBB28325A42753207331BE /* Pods_iOS_Course_App.framework in Frameworks */,
			);
			runOnlyForDeploymentPostprocessing = 0;
		};
/* End PBXFrameworksBuildPhase section */

/* Begin PBXGroup section */
		197AF4AAC7D46DC9E5982143 /* Pods */ = {
			isa = PBXGroup;
			children = (
				136F170F2947EC7D4057D49C /* Pods-iOS-Course-App.debug.xcconfig */,
				183ED419016018F04CE2DC77 /* Pods-iOS-Course-App.release.xcconfig */,
			);
			path = Pods;
			sourceTree = "<group>";
		};
		6C08D05923F95C3E00E5F473 = {
			isa = PBXGroup;
			children = (
				6C08D06423F95C3E00E5F473 /* iOS-Course-App */,
				6C08D06323F95C3E00E5F473 /* Products */,
				197AF4AAC7D46DC9E5982143 /* Pods */,
				8D5C41690B1C3053B4560D27 /* Frameworks */,
			);
			sourceTree = "<group>";
		};
		6C08D06323F95C3E00E5F473 /* Products */ = {
			isa = PBXGroup;
			children = (
				6C08D06223F95C3E00E5F473 /* iOS-Course-App.app */,
			);
			name = Products;
			sourceTree = "<group>";
		};
		6C08D06423F95C3E00E5F473 /* iOS-Course-App */ = {
			isa = PBXGroup;
			children = (
				E5A0663E2407AC3900CDC92A /* View */,
				E52CA1702403F5B400F2FD18 /* Model */,
				6C08D07D23F9619300E5F473 /* ViewControllers */,
				6C08D06523F95C3E00E5F473 /* AppDelegate.swift */,
				6C08D06723F95C3E00E5F473 /* SceneDelegate.swift */,
				6C08D06B23F95C3E00E5F473 /* Main.storyboard */,
				6C08D07E23F96DC300E5F473 /* Utilities.swift */,
				6C08D06E23F95C4200E5F473 /* Assets.xcassets */,
				6C08D07023F95C4200E5F473 /* LaunchScreen.storyboard */,
				6C08D08023F9753700E5F473 /* GoogleService-Info.plist */,
				6C08D07323F95C4200E5F473 /* Info.plist */,
				E5A066412407C0A800CDC92A /* icons8-swift-128.png */,
			);
			path = "iOS-Course-App";
			sourceTree = "<group>";
		};
		6C08D07D23F9619300E5F473 /* ViewControllers */ = {
			isa = PBXGroup;
			children = (
				6C08D07923F95E1500E5F473 /* SignUpViewController.swift */,
				6C08D07B23F95E5700E5F473 /* LoginViewController.swift */,
				E5C83F8D23FE86AF008D068A /* TabBarCoursesViewController.swift */,
				E56EB2B123FD892200ADDA6D /* ProjectViewController.swift */,
				E54238CE23FEAE0B00725551 /* PresentCoursesTableViewController.swift */,
				E54238D023FEB76300725551 /* PastTableViewController.swift */,
				E54238D223FEB7E500725551 /* FutureTableViewController.swift */,
				6C0BA67B23FEBB7D008558CD /* CourseProjectsTableViewController.swift */,
				E52CA16A2403C3A700F2FD18 /* WelcomeViewController.swift */,
				E5A0663F2407B9D600CDC92A /* ProfileViewController.swift */,
			);
			path = ViewControllers;
			sourceTree = "<group>";
		};
		8D5C41690B1C3053B4560D27 /* Frameworks */ = {
			isa = PBXGroup;
			children = (
				B2D64C864F45310F71EE36C9 /* Pods_iOS_Course_App.framework */,
			);
			name = Frameworks;
			sourceTree = "<group>";
		};
		E52CA1702403F5B400F2FD18 /* Model */ = {
			isa = PBXGroup;
			children = (
				E56EB2B523FD8FC900ADDA6D /* Model.swift */,
				E52CA1712403F5CF00F2FD18 /* Course.swift */,
				E52CA1732403F5EE00F2FD18 /* Project.swift */,
				E52CA1772403F61C00F2FD18 /* User.swift */,
				E5D7622024052D24000A82CC /* jsonData.swift */,
			);
			path = Model;
			sourceTree = "<group>";
		};
		E5A0663E2407AC3900CDC92A /* View */ = {
			isa = PBXGroup;
			children = (
				E5172FB92406954D0061FBD9 /* CourseProjectTableViewCell.swift */,
			);
			path = View;
			sourceTree = "<group>";
		};
/* End PBXGroup section */

/* Begin PBXNativeTarget section */
		6C08D06123F95C3E00E5F473 /* iOS-Course-App */ = {
			isa = PBXNativeTarget;
			buildConfigurationList = 6C08D07623F95C4200E5F473 /* Build configuration list for PBXNativeTarget "iOS-Course-App" */;
			buildPhases = (
				047202357E7FA458DDB3C587 /* [CP] Check Pods Manifest.lock */,
				6C08D05E23F95C3E00E5F473 /* Sources */,
				6C08D05F23F95C3E00E5F473 /* Frameworks */,
				6C08D06023F95C3E00E5F473 /* Resources */,
				B47B07412B9DEFAA3C87AA8D /* [CP] Embed Pods Frameworks */,
			);
			buildRules = (
			);
			dependencies = (
			);
			name = "iOS-Course-App";
			productName = "iOS-Course-App";
			productReference = 6C08D06223F95C3E00E5F473 /* iOS-Course-App.app */;
			productType = "com.apple.product-type.application";
		};
/* End PBXNativeTarget section */

/* Begin PBXProject section */
		6C08D05A23F95C3E00E5F473 /* Project object */ = {
			isa = PBXProject;
			attributes = {
				LastSwiftUpdateCheck = 1130;
				LastUpgradeCheck = 1130;
				ORGANIZATIONNAME = TsvetoslavVasev;
				TargetAttributes = {
					6C08D06123F95C3E00E5F473 = {
						CreatedOnToolsVersion = 11.3.1;
					};
				};
			};
			buildConfigurationList = 6C08D05D23F95C3E00E5F473 /* Build configuration list for PBXProject "iOS-Course-App" */;
			compatibilityVersion = "Xcode 9.3";
			developmentRegion = en;
			hasScannedForEncodings = 0;
			knownRegions = (
				en,
				Base,
			);
			mainGroup = 6C08D05923F95C3E00E5F473;
			productRefGroup = 6C08D06323F95C3E00E5F473 /* Products */;
			projectDirPath = "";
			projectRoot = "";
			targets = (
				6C08D06123F95C3E00E5F473 /* iOS-Course-App */,
			);
		};
/* End PBXProject section */

/* Begin PBXResourcesBuildPhase section */
		6C08D06023F95C3E00E5F473 /* Resources */ = {
			isa = PBXResourcesBuildPhase;
			buildActionMask = 2147483647;
			files = (
				6C08D07223F95C4200E5F473 /* LaunchScreen.storyboard in Resources */,
				E5A066422407C0A800CDC92A /* icons8-swift-128.png in Resources */,
				6C08D08123F9753700E5F473 /* GoogleService-Info.plist in Resources */,
				6C08D06F23F95C4200E5F473 /* Assets.xcassets in Resources */,
				6C08D06D23F95C3E00E5F473 /* Main.storyboard in Resources */,
			);
			runOnlyForDeploymentPostprocessing = 0;
		};
/* End PBXResourcesBuildPhase section */

/* Begin PBXShellScriptBuildPhase section */
		047202357E7FA458DDB3C587 /* [CP] Check Pods Manifest.lock */ = {
			isa = PBXShellScriptBuildPhase;
			buildActionMask = 2147483647;
			files = (
			);
			inputFileListPaths = (
			);
			inputPaths = (
				"${PODS_PODFILE_DIR_PATH}/Podfile.lock",
				"${PODS_ROOT}/Manifest.lock",
			);
			name = "[CP] Check Pods Manifest.lock";
			outputFileListPaths = (
			);
			outputPaths = (
				"$(DERIVED_FILE_DIR)/Pods-iOS-Course-App-checkManifestLockResult.txt",
			);
			runOnlyForDeploymentPostprocessing = 0;
			shellPath = /bin/sh;
			shellScript = "diff \"${PODS_PODFILE_DIR_PATH}/Podfile.lock\" \"${PODS_ROOT}/Manifest.lock\" > /dev/null\nif [ $? != 0 ] ; then\n    # print error to STDERR\n    echo \"error: The sandbox is not in sync with the Podfile.lock. Run 'pod install' or update your CocoaPods installation.\" >&2\n    exit 1\nfi\n# This output is used by Xcode 'outputs' to avoid re-running this script phase.\necho \"SUCCESS\" > \"${SCRIPT_OUTPUT_FILE_0}\"\n";
			showEnvVarsInLog = 0;
		};
		B47B07412B9DEFAA3C87AA8D /* [CP] Embed Pods Frameworks */ = {
			isa = PBXShellScriptBuildPhase;
			buildActionMask = 2147483647;
			files = (
			);
			inputFileListPaths = (
				"${PODS_ROOT}/Target Support Files/Pods-iOS-Course-App/Pods-iOS-Course-App-frameworks-${CONFIGURATION}-input-files.xcfilelist",
			);
			name = "[CP] Embed Pods Frameworks";
			outputFileListPaths = (
				"${PODS_ROOT}/Target Support Files/Pods-iOS-Course-App/Pods-iOS-Course-App-frameworks-${CONFIGURATION}-output-files.xcfilelist",
			);
			runOnlyForDeploymentPostprocessing = 0;
			shellPath = /bin/sh;
			shellScript = "\"${PODS_ROOT}/Target Support Files/Pods-iOS-Course-App/Pods-iOS-Course-App-frameworks.sh\"\n";
			showEnvVarsInLog = 0;
		};
/* End PBXShellScriptBuildPhase section */

/* Begin PBXSourcesBuildPhase section */
		6C08D05E23F95C3E00E5F473 /* Sources */ = {
			isa = PBXSourcesBuildPhase;
			buildActionMask = 2147483647;
			files = (
				6C08D07F23F96DC400E5F473 /* Utilities.swift in Sources */,
				E54238CF23FEAE0B00725551 /* PresentCoursesTableViewController.swift in Sources */,
				6C08D06623F95C3E00E5F473 /* AppDelegate.swift in Sources */,
				6C0BA67C23FEBB7E008558CD /* CourseProjectsTableViewController.swift in Sources */,
				E56EB2B623FD8FC900ADDA6D /* Model.swift in Sources */,
				E56EB2B223FD892200ADDA6D /* ProjectViewController.swift in Sources */,
				E54238D123FEB76300725551 /* PastTableViewController.swift in Sources */,
				E5D7622124052D24000A82CC /* jsonData.swift in Sources */,
				E52CA1722403F5CF00F2FD18 /* Course.swift in Sources */,
				E5A066402407B9D600CDC92A /* ProfileViewController.swift in Sources */,
				6C08D07A23F95E1500E5F473 /* SignUpViewController.swift in Sources */,
				E54238D323FEB7E500725551 /* FutureTableViewController.swift in Sources */,
				6C08D07C23F95E5700E5F473 /* LoginViewController.swift in Sources */,
				6C08D06823F95C3E00E5F473 /* SceneDelegate.swift in Sources */,
				E52CA1742403F5EE00F2FD18 /* Project.swift in Sources */,
				E5C83F8E23FE86AF008D068A /* TabBarCoursesViewController.swift in Sources */,
				E5172FBA2406954D0061FBD9 /* CourseProjectTableViewCell.swift in Sources */,
				E52CA16B2403C3A700F2FD18 /* WelcomeViewController.swift in Sources */,
				E52CA1782403F61C00F2FD18 /* User.swift in Sources */,
			);
			runOnlyForDeploymentPostprocessing = 0;
		};
/* End PBXSourcesBuildPhase section */

/* Begin PBXVariantGroup section */
		6C08D06B23F95C3E00E5F473 /* Main.storyboard */ = {
			isa = PBXVariantGroup;
			children = (
				6C08D06C23F95C3E00E5F473 /* Base */,
			);
			name = Main.storyboard;
			sourceTree = "<group>";
		};
		6C08D07023F95C4200E5F473 /* LaunchScreen.storyboard */ = {
			isa = PBXVariantGroup;
			children = (
				6C08D07123F95C4200E5F473 /* Base */,
			);
			name = LaunchScreen.storyboard;
			sourceTree = "<group>";
		};
/* End PBXVariantGroup section */

/* Begin XCBuildConfiguration section */
		6C08D07423F95C4200E5F473 /* Debug */ = {
			isa = XCBuildConfiguration;
			buildSettings = {
				ALWAYS_SEARCH_USER_PATHS = NO;
				CLANG_ANALYZER_NONNULL = YES;
				CLANG_ANALYZER_NUMBER_OBJECT_CONVERSION = YES_AGGRESSIVE;
				CLANG_CXX_LANGUAGE_STANDARD = "gnu++14";
				CLANG_CXX_LIBRARY = "libc++";
				CLANG_ENABLE_MODULES = YES;
				CLANG_ENABLE_OBJC_ARC = YES;
				CLANG_ENABLE_OBJC_WEAK = YES;
				CLANG_WARN_BLOCK_CAPTURE_AUTORELEASING = YES;
				CLANG_WARN_BOOL_CONVERSION = YES;
				CLANG_WARN_COMMA = YES;
				CLANG_WARN_CONSTANT_CONVERSION = YES;
				CLANG_WARN_DEPRECATED_OBJC_IMPLEMENTATIONS = YES;
				CLANG_WARN_DIRECT_OBJC_ISA_USAGE = YES_ERROR;
				CLANG_WARN_DOCUMENTATION_COMMENTS = YES;
				CLANG_WARN_EMPTY_BODY = YES;
				CLANG_WARN_ENUM_CONVERSION = YES;
				CLANG_WARN_INFINITE_RECURSION = YES;
				CLANG_WARN_INT_CONVERSION = YES;
				CLANG_WARN_NON_LITERAL_NULL_CONVERSION = YES;
				CLANG_WARN_OBJC_IMPLICIT_RETAIN_SELF = YES;
				CLANG_WARN_OBJC_LITERAL_CONVERSION = YES;
				CLANG_WARN_OBJC_ROOT_CLASS = YES_ERROR;
				CLANG_WARN_RANGE_LOOP_ANALYSIS = YES;
				CLANG_WARN_STRICT_PROTOTYPES = YES;
				CLANG_WARN_SUSPICIOUS_MOVE = YES;
				CLANG_WARN_UNGUARDED_AVAILABILITY = YES_AGGRESSIVE;
				CLANG_WARN_UNREACHABLE_CODE = YES;
				CLANG_WARN__DUPLICATE_METHOD_MATCH = YES;
				COPY_PHASE_STRIP = NO;
				DEBUG_INFORMATION_FORMAT = dwarf;
				ENABLE_STRICT_OBJC_MSGSEND = YES;
				ENABLE_TESTABILITY = YES;
				GCC_C_LANGUAGE_STANDARD = gnu11;
				GCC_DYNAMIC_NO_PIC = NO;
				GCC_NO_COMMON_BLOCKS = YES;
				GCC_OPTIMIZATION_LEVEL = 0;
				GCC_PREPROCESSOR_DEFINITIONS = (
					"DEBUG=1",
					"$(inherited)",
				);
				GCC_WARN_64_TO_32_BIT_CONVERSION = YES;
				GCC_WARN_ABOUT_RETURN_TYPE = YES_ERROR;
				GCC_WARN_UNDECLARED_SELECTOR = YES;
				GCC_WARN_UNINITIALIZED_AUTOS = YES_AGGRESSIVE;
				GCC_WARN_UNUSED_FUNCTION = YES;
				GCC_WARN_UNUSED_VARIABLE = YES;
				IPHONEOS_DEPLOYMENT_TARGET = 13.2;
				MTL_ENABLE_DEBUG_INFO = INCLUDE_SOURCE;
				MTL_FAST_MATH = YES;
				ONLY_ACTIVE_ARCH = YES;
				SDKROOT = iphoneos;
				SWIFT_ACTIVE_COMPILATION_CONDITIONS = DEBUG;
				SWIFT_OPTIMIZATION_LEVEL = "-Onone";
			};
			name = Debug;
		};
		6C08D07523F95C4200E5F473 /* Release */ = {
			isa = XCBuildConfiguration;
			buildSettings = {
				ALWAYS_SEARCH_USER_PATHS = NO;
				CLANG_ANALYZER_NONNULL = YES;
				CLANG_ANALYZER_NUMBER_OBJECT_CONVERSION = YES_AGGRESSIVE;
				CLANG_CXX_LANGUAGE_STANDARD = "gnu++14";
				CLANG_CXX_LIBRARY = "libc++";
				CLANG_ENABLE_MODULES = YES;
				CLANG_ENABLE_OBJC_ARC = YES;
				CLANG_ENABLE_OBJC_WEAK = YES;
				CLANG_WARN_BLOCK_CAPTURE_AUTORELEASING = YES;
				CLANG_WARN_BOOL_CONVERSION = YES;
				CLANG_WARN_COMMA = YES;
				CLANG_WARN_CONSTANT_CONVERSION = YES;
				CLANG_WARN_DEPRECATED_OBJC_IMPLEMENTATIONS = YES;
				CLANG_WARN_DIRECT_OBJC_ISA_USAGE = YES_ERROR;
				CLANG_WARN_DOCUMENTATION_COMMENTS = YES;
				CLANG_WARN_EMPTY_BODY = YES;
				CLANG_WARN_ENUM_CONVERSION = YES;
				CLANG_WARN_INFINITE_RECURSION = YES;
				CLANG_WARN_INT_CONVERSION = YES;
				CLANG_WARN_NON_LITERAL_NULL_CONVERSION = YES;
				CLANG_WARN_OBJC_IMPLICIT_RETAIN_SELF = YES;
				CLANG_WARN_OBJC_LITERAL_CONVERSION = YES;
				CLANG_WARN_OBJC_ROOT_CLASS = YES_ERROR;
				CLANG_WARN_RANGE_LOOP_ANALYSIS = YES;
				CLANG_WARN_STRICT_PROTOTYPES = YES;
				CLANG_WARN_SUSPICIOUS_MOVE = YES;
				CLANG_WARN_UNGUARDED_AVAILABILITY = YES_AGGRESSIVE;
				CLANG_WARN_UNREACHABLE_CODE = YES;
				CLANG_WARN__DUPLICATE_METHOD_MATCH = YES;
				COPY_PHASE_STRIP = NO;
				DEBUG_INFORMATION_FORMAT = "dwarf-with-dsym";
				ENABLE_NS_ASSERTIONS = NO;
				ENABLE_STRICT_OBJC_MSGSEND = YES;
				GCC_C_LANGUAGE_STANDARD = gnu11;
				GCC_NO_COMMON_BLOCKS = YES;
				GCC_WARN_64_TO_32_BIT_CONVERSION = YES;
				GCC_WARN_ABOUT_RETURN_TYPE = YES_ERROR;
				GCC_WARN_UNDECLARED_SELECTOR = YES;
				GCC_WARN_UNINITIALIZED_AUTOS = YES_AGGRESSIVE;
				GCC_WARN_UNUSED_FUNCTION = YES;
				GCC_WARN_UNUSED_VARIABLE = YES;
				IPHONEOS_DEPLOYMENT_TARGET = 13.2;
				MTL_ENABLE_DEBUG_INFO = NO;
				MTL_FAST_MATH = YES;
				SDKROOT = iphoneos;
				SWIFT_COMPILATION_MODE = wholemodule;
				SWIFT_OPTIMIZATION_LEVEL = "-O";
				VALIDATE_PRODUCT = YES;
			};
			name = Release;
		};
		6C08D07723F95C4200E5F473 /* Debug */ = {
			isa = XCBuildConfiguration;
			baseConfigurationReference = 136F170F2947EC7D4057D49C /* Pods-iOS-Course-App.debug.xcconfig */;
			buildSettings = {
				ASSETCATALOG_COMPILER_APPICON_NAME = AppIcon;
				CODE_SIGN_STYLE = Automatic;
				DEVELOPMENT_TEAM = CBS4D3XVG5;
				INFOPLIST_FILE = "iOS-Course-App/Info.plist";
				IPHONEOS_DEPLOYMENT_TARGET = 13.0;
				LD_RUNPATH_SEARCH_PATHS = (
					"$(inherited)",
					"@executable_path/Frameworks",
				);
				PRODUCT_BUNDLE_IDENTIFIER = "comFMI-iOS-Course-App";
				PRODUCT_NAME = "$(TARGET_NAME)";
				SWIFT_VERSION = 5.0;
				TARGETED_DEVICE_FAMILY = "1,2";
			};
			name = Debug;
		};
		6C08D07823F95C4200E5F473 /* Release */ = {
			isa = XCBuildConfiguration;
			baseConfigurationReference = 183ED419016018F04CE2DC77 /* Pods-iOS-Course-App.release.xcconfig */;
			buildSettings = {
				ASSETCATALOG_COMPILER_APPICON_NAME = AppIcon;
				CODE_SIGN_STYLE = Automatic;
				DEVELOPMENT_TEAM = CBS4D3XVG5;
				INFOPLIST_FILE = "iOS-Course-App/Info.plist";
				IPHONEOS_DEPLOYMENT_TARGET = 13.0;
				LD_RUNPATH_SEARCH_PATHS = (
					"$(inherited)",
					"@executable_path/Frameworks",
				);
				PRODUCT_BUNDLE_IDENTIFIER = "comFMI-iOS-Course-App";
				PRODUCT_NAME = "$(TARGET_NAME)";
				SWIFT_VERSION = 5.0;
				TARGETED_DEVICE_FAMILY = "1,2";
			};
			name = Release;
		};
/* End XCBuildConfiguration section */

/* Begin XCConfigurationList section */
		6C08D05D23F95C3E00E5F473 /* Build configuration list for PBXProject "iOS-Course-App" */ = {
			isa = XCConfigurationList;
			buildConfigurations = (
				6C08D07423F95C4200E5F473 /* Debug */,
				6C08D07523F95C4200E5F473 /* Release */,
			);
			defaultConfigurationIsVisible = 0;
			defaultConfigurationName = Release;
		};
		6C08D07623F95C4200E5F473 /* Build configuration list for PBXNativeTarget "iOS-Course-App" */ = {
			isa = XCConfigurationList;
			buildConfigurations = (
				6C08D07723F95C4200E5F473 /* Debug */,
				6C08D07823F95C4200E5F473 /* Release */,
			);
			defaultConfigurationIsVisible = 0;
			defaultConfigurationName = Release;
		};
/* End XCConfigurationList section */
	};
	rootObject = 6C08D05A23F95C3E00E5F473 /* Project object */;
}
